// !$*UTF8*$!
{
	archiveVersion = 1;
	classes = {
	};
	objectVersion = 46;
	objects = {

/* Begin PBXBuildFile section */
		01103D601900D40B0054D0A3 /* DefaultTableViewCell.m in Sources */ = {isa = PBXBuildFile; fileRef = 01103D5F1900D40B0054D0A3 /* DefaultTableViewCell.m */; };
		01103D621900D7AF0054D0A3 /* DefaultTableViewCell.xib in Resources */ = {isa = PBXBuildFile; fileRef = 01103D611900D7AF0054D0A3 /* DefaultTableViewCell.xib */; };
		011C05DA191344B700966440 /* DaiNavigationTransitionObjects.m in Sources */ = {isa = PBXBuildFile; fileRef = 011C05D9191344B700966440 /* DaiNavigationTransitionObjects.m */; };
		011C05DD1913455C00966440 /* DaiNavigationTransition+TransitionStack.m in Sources */ = {isa = PBXBuildFile; fileRef = 011C05DC1913455C00966440 /* DaiNavigationTransition+TransitionStack.m */; };
		0121D214192B4ECC0044F451 /* UINavigationController+ForIOS6.m in Sources */ = {isa = PBXBuildFile; fileRef = 0121D213192B4ECC0044F451 /* UINavigationController+ForIOS6.m */; };
		01394ED4192C4B5E00CAF2F5 /* DispatchTimer.m in Sources */ = {isa = PBXBuildFile; fileRef = 01394ED3192C4B5E00CAF2F5 /* DispatchTimer.m */; };
		01F5847C1900CF64008821A1 /* Foundation.framework in Frameworks */ = {isa = PBXBuildFile; fileRef = 01F5847B1900CF64008821A1 /* Foundation.framework */; };
		01F5847E1900CF64008821A1 /* CoreGraphics.framework in Frameworks */ = {isa = PBXBuildFile; fileRef = 01F5847D1900CF64008821A1 /* CoreGraphics.framework */; };
		01F584801900CF64008821A1 /* UIKit.framework in Frameworks */ = {isa = PBXBuildFile; fileRef = 01F5847F1900CF64008821A1 /* UIKit.framework */; };
		01F584861900CF64008821A1 /* InfoPlist.strings in Resources */ = {isa = PBXBuildFile; fileRef = 01F584841900CF64008821A1 /* InfoPlist.strings */; };
		01F584881900CF64008821A1 /* main.m in Sources */ = {isa = PBXBuildFile; fileRef = 01F584871900CF64008821A1 /* main.m */; };
		01F5848C1900CF64008821A1 /* AppDelegate.m in Sources */ = {isa = PBXBuildFile; fileRef = 01F5848B1900CF64008821A1 /* AppDelegate.m */; };
		01F584941900CF64008821A1 /* Images.xcassets in Resources */ = {isa = PBXBuildFile; fileRef = 01F584931900CF64008821A1 /* Images.xcassets */; };
		01F5849B1900CF64008821A1 /* XCTest.framework in Frameworks */ = {isa = PBXBuildFile; fileRef = 01F5849A1900CF64008821A1 /* XCTest.framework */; };
		01F5849C1900CF64008821A1 /* Foundation.framework in Frameworks */ = {isa = PBXBuildFile; fileRef = 01F5847B1900CF64008821A1 /* Foundation.framework */; };
		01F5849D1900CF64008821A1 /* UIKit.framework in Frameworks */ = {isa = PBXBuildFile; fileRef = 01F5847F1900CF64008821A1 /* UIKit.framework */; };
		01F584A51900CF64008821A1 /* InfoPlist.strings in Resources */ = {isa = PBXBuildFile; fileRef = 01F584A31900CF64008821A1 /* InfoPlist.strings */; };
		01F584A71900CF64008821A1 /* DaiNavigationTransitionTests.m in Sources */ = {isa = PBXBuildFile; fileRef = 01F584A61900CF64008821A1 /* DaiNavigationTransitionTests.m */; };
		01F584B31900CF79008821A1 /* MainViewController.m in Sources */ = {isa = PBXBuildFile; fileRef = 01F584B11900CF79008821A1 /* MainViewController.m */; };
		01F584B41900CF79008821A1 /* MainViewController.xib in Resources */ = {isa = PBXBuildFile; fileRef = 01F584B21900CF79008821A1 /* MainViewController.xib */; };
		01F584B81900CF89008821A1 /* SecondViewController.m in Sources */ = {isa = PBXBuildFile; fileRef = 01F584B61900CF89008821A1 /* SecondViewController.m */; };
		01F584B91900CF89008821A1 /* SecondViewController.xib in Resources */ = {isa = PBXBuildFile; fileRef = 01F584B71900CF89008821A1 /* SecondViewController.xib */; };
		01F584C31900CFCB008821A1 /* DaiNavigationTransition.m in Sources */ = {isa = PBXBuildFile; fileRef = 01F584BC1900CFCB008821A1 /* DaiNavigationTransition.m */; };
		01F584C41900CFCB008821A1 /* DaiNavigationTransition+AccessObject.m in Sources */ = {isa = PBXBuildFile; fileRef = 01F584BE1900CFCB008821A1 /* DaiNavigationTransition+AccessObject.m */; };
		01F584C51900CFCB008821A1 /* UINavigationController+Swizzling.m in Sources */ = {isa = PBXBuildFile; fileRef = 01F584C01900CFCB008821A1 /* UINavigationController+Swizzling.m */; };
		01F584C61900CFCB008821A1 /* UINavigationController+Transition.m in Sources */ = {isa = PBXBuildFile; fileRef = 01F584C21900CFCB008821A1 /* UINavigationController+Transition.m */; };
/* End PBXBuildFile section */

/* Begin PBXContainerItemProxy section */
		01F5849E1900CF64008821A1 /* PBXContainerItemProxy */ = {
			isa = PBXContainerItemProxy;
			containerPortal = 01F584701900CF64008821A1 /* Project object */;
			proxyType = 1;
			remoteGlobalIDString = 01F584771900CF64008821A1;
			remoteInfo = DaiNavigationTransition;
		};
/* End PBXContainerItemProxy section */

/* Begin PBXFileReference section */
		01103D5E1900D40B0054D0A3 /* DefaultTableViewCell.h */ = {isa = PBXFileReference; fileEncoding = 4; lastKnownFileType = sourcecode.c.h; path = DefaultTableViewCell.h; sourceTree = "<group>"; };
		01103D5F1900D40B0054D0A3 /* DefaultTableViewCell.m */ = {isa = PBXFileReference; fileEncoding = 4; lastKnownFileType = sourcecode.c.objc; path = DefaultTableViewCell.m; sourceTree = "<group>"; };
		01103D611900D7AF0054D0A3 /* DefaultTableViewCell.xib */ = {isa = PBXFileReference; fileEncoding = 4; lastKnownFileType = file.xib; path = DefaultTableViewCell.xib; sourceTree = "<group>"; };
		011C05D8191344B700966440 /* DaiNavigationTransitionObjects.h */ = {isa = PBXFileReference; fileEncoding = 4; lastKnownFileType = sourcecode.c.h; name = DaiNavigationTransitionObjects.h; path = DaiNavigationTransition/DaiNavigationTransitionObjects.h; sourceTree = "<group>"; };
		011C05D9191344B700966440 /* DaiNavigationTransitionObjects.m */ = {isa = PBXFileReference; fileEncoding = 4; lastKnownFileType = sourcecode.c.objc; name = DaiNavigationTransitionObjects.m; path = DaiNavigationTransition/DaiNavigationTransitionObjects.m; sourceTree = "<group>"; };
		011C05DB1913455C00966440 /* DaiNavigationTransition+TransitionStack.h */ = {isa = PBXFileReference; fileEncoding = 4; lastKnownFileType = sourcecode.c.h; name = "DaiNavigationTransition+TransitionStack.h"; path = "DaiNavigationTransition/DaiNavigationTransition+TransitionStack.h"; sourceTree = "<group>"; };
		011C05DC1913455C00966440 /* DaiNavigationTransition+TransitionStack.m */ = {isa = PBXFileReference; fileEncoding = 4; lastKnownFileType = sourcecode.c.objc; name = "DaiNavigationTransition+TransitionStack.m"; path = "DaiNavigationTransition/DaiNavigationTransition+TransitionStack.m"; sourceTree = "<group>"; };
		0121D212192B4ECC0044F451 /* UINavigationController+ForIOS6.h */ = {isa = PBXFileReference; fileEncoding = 4; lastKnownFileType = sourcecode.c.h; name = "UINavigationController+ForIOS6.h"; path = "DaiNavigationTransition/UINavigationController+ForIOS6.h"; sourceTree = "<group>"; };
		0121D213192B4ECC0044F451 /* UINavigationController+ForIOS6.m */ = {isa = PBXFileReference; fileEncoding = 4; lastKnownFileType = sourcecode.c.objc; name = "UINavigationController+ForIOS6.m"; path = "DaiNavigationTransition/UINavigationController+ForIOS6.m"; sourceTree = "<group>"; };
		01394ED2192C4B5E00CAF2F5 /* DispatchTimer.h */ = {isa = PBXFileReference; fileEncoding = 4; lastKnownFileType = sourcecode.c.h; name = DispatchTimer.h; path = DaiNavigationTransition/DispatchTimer/DispatchTimer.h; sourceTree = "<group>"; };
		01394ED3192C4B5E00CAF2F5 /* DispatchTimer.m */ = {isa = PBXFileReference; fileEncoding = 4; lastKnownFileType = sourcecode.c.objc; name = DispatchTimer.m; path = DaiNavigationTransition/DispatchTimer/DispatchTimer.m; sourceTree = "<group>"; };
		01F584781900CF64008821A1 /* DaiNavigationTransition.app */ = {isa = PBXFileReference; explicitFileType = wrapper.application; includeInIndex = 0; path = DaiNavigationTransition.app; sourceTree = BUILT_PRODUCTS_DIR; };
		01F5847B1900CF64008821A1 /* Foundation.framework */ = {isa = PBXFileReference; lastKnownFileType = wrapper.framework; name = Foundation.framework; path = System/Library/Frameworks/Foundation.framework; sourceTree = SDKROOT; };
		01F5847D1900CF64008821A1 /* CoreGraphics.framework */ = {isa = PBXFileReference; lastKnownFileType = wrapper.framework; name = CoreGraphics.framework; path = System/Library/Frameworks/CoreGraphics.framework; sourceTree = SDKROOT; };
		01F5847F1900CF64008821A1 /* UIKit.framework */ = {isa = PBXFileReference; lastKnownFileType = wrapper.framework; name = UIKit.framework; path = System/Library/Frameworks/UIKit.framework; sourceTree = SDKROOT; };
		01F584831900CF64008821A1 /* DaiNavigationTransition-Info.plist */ = {isa = PBXFileReference; lastKnownFileType = text.plist.xml; path = "DaiNavigationTransition-Info.plist"; sourceTree = "<group>"; };
		01F584851900CF64008821A1 /* en */ = {isa = PBXFileReference; lastKnownFileType = text.plist.strings; name = en; path = en.lproj/InfoPlist.strings; sourceTree = "<group>"; };
		01F584871900CF64008821A1 /* main.m */ = {isa = PBXFileReference; lastKnownFileType = sourcecode.c.objc; path = main.m; sourceTree = "<group>"; };
		01F584891900CF64008821A1 /* DaiNavigationTransition-Prefix.pch */ = {isa = PBXFileReference; lastKnownFileType = sourcecode.c.h; path = "DaiNavigationTransition-Prefix.pch"; sourceTree = "<group>"; };
		01F5848A1900CF64008821A1 /* AppDelegate.h */ = {isa = PBXFileReference; lastKnownFileType = sourcecode.c.h; path = AppDelegate.h; sourceTree = "<group>"; };
		01F5848B1900CF64008821A1 /* AppDelegate.m */ = {isa = PBXFileReference; lastKnownFileType = sourcecode.c.objc; path = AppDelegate.m; sourceTree = "<group>"; };
		01F584931900CF64008821A1 /* Images.xcassets */ = {isa = PBXFileReference; lastKnownFileType = folder.assetcatalog; path = Images.xcassets; sourceTree = "<group>"; };
		01F584991900CF64008821A1 /* DaiNavigationTransitionTests.xctest */ = {isa = PBXFileReference; explicitFileType = wrapper.cfbundle; includeInIndex = 0; path = DaiNavigationTransitionTests.xctest; sourceTree = BUILT_PRODUCTS_DIR; };
		01F5849A1900CF64008821A1 /* XCTest.framework */ = {isa = PBXFileReference; lastKnownFileType = wrapper.framework; name = XCTest.framework; path = Library/Frameworks/XCTest.framework; sourceTree = DEVELOPER_DIR; };
		01F584A21900CF64008821A1 /* DaiNavigationTransitionTests-Info.plist */ = {isa = PBXFileReference; lastKnownFileType = text.plist.xml; path = "DaiNavigationTransitionTests-Info.plist"; sourceTree = "<group>"; };
		01F584A41900CF64008821A1 /* en */ = {isa = PBXFileReference; lastKnownFileType = text.plist.strings; name = en; path = en.lproj/InfoPlist.strings; sourceTree = "<group>"; };
		01F584A61900CF64008821A1 /* DaiNavigationTransitionTests.m */ = {isa = PBXFileReference; lastKnownFileType = sourcecode.c.objc; path = DaiNavigationTransitionTests.m; sourceTree = "<group>"; };
		01F584B01900CF79008821A1 /* MainViewController.h */ = {isa = PBXFileReference; fileEncoding = 4; lastKnownFileType = sourcecode.c.h; path = MainViewController.h; sourceTree = "<group>"; };
		01F584B11900CF79008821A1 /* MainViewController.m */ = {isa = PBXFileReference; fileEncoding = 4; lastKnownFileType = sourcecode.c.objc; path = MainViewController.m; sourceTree = "<group>"; };
		01F584B21900CF79008821A1 /* MainViewController.xib */ = {isa = PBXFileReference; fileEncoding = 4; lastKnownFileType = file.xib; path = MainViewController.xib; sourceTree = "<group>"; };
		01F584B51900CF89008821A1 /* SecondViewController.h */ = {isa = PBXFileReference; fileEncoding = 4; lastKnownFileType = sourcecode.c.h; path = SecondViewController.h; sourceTree = "<group>"; };
		01F584B61900CF89008821A1 /* SecondViewController.m */ = {isa = PBXFileReference; fileEncoding = 4; lastKnownFileType = sourcecode.c.objc; path = SecondViewController.m; sourceTree = "<group>"; };
		01F584B71900CF89008821A1 /* SecondViewController.xib */ = {isa = PBXFileReference; fileEncoding = 4; lastKnownFileType = file.xib; path = SecondViewController.xib; sourceTree = "<group>"; };
		01F584BB1900CFCB008821A1 /* DaiNavigationTransition.h */ = {isa = PBXFileReference; fileEncoding = 4; lastKnownFileType = sourcecode.c.h; name = DaiNavigationTransition.h; path = DaiNavigationTransition/DaiNavigationTransition.h; sourceTree = "<group>"; };
		01F584BC1900CFCB008821A1 /* DaiNavigationTransition.m */ = {isa = PBXFileReference; fileEncoding = 4; lastKnownFileType = sourcecode.c.objc; name = DaiNavigationTransition.m; path = DaiNavigationTransition/DaiNavigationTransition.m; sourceTree = "<group>"; };
		01F584BD1900CFCB008821A1 /* DaiNavigationTransition+AccessObject.h */ = {isa = PBXFileReference; fileEncoding = 4; lastKnownFileType = sourcecode.c.h; name = "DaiNavigationTransition+AccessObject.h"; path = "DaiNavigationTransition/DaiNavigationTransition+AccessObject.h"; sourceTree = "<group>"; };
		01F584BE1900CFCB008821A1 /* DaiNavigationTransition+AccessObject.m */ = {isa = PBXFileReference; fileEncoding = 4; lastKnownFileType = sourcecode.c.objc; name = "DaiNavigationTransition+AccessObject.m"; path = "DaiNavigationTransition/DaiNavigationTransition+AccessObject.m"; sourceTree = "<group>"; };
		01F584BF1900CFCB008821A1 /* UINavigationController+Swizzling.h */ = {isa = PBXFileReference; fileEncoding = 4; lastKnownFileType = sourcecode.c.h; name = "UINavigationController+Swizzling.h"; path = "DaiNavigationTransition/UINavigationController+Swizzling.h"; sourceTree = "<group>"; };
		01F584C01900CFCB008821A1 /* UINavigationController+Swizzling.m */ = {isa = PBXFileReference; fileEncoding = 4; lastKnownFileType = sourcecode.c.objc; name = "UINavigationController+Swizzling.m"; path = "DaiNavigationTransition/UINavigationController+Swizzling.m"; sourceTree = "<group>"; };
		01F584C11900CFCB008821A1 /* UINavigationController+Transition.h */ = {isa = PBXFileReference; fileEncoding = 4; lastKnownFileType = sourcecode.c.h; name = "UINavigationController+Transition.h"; path = "DaiNavigationTransition/UINavigationController+Transition.h"; sourceTree = "<group>"; };
		01F584C21900CFCB008821A1 /* UINavigationController+Transition.m */ = {isa = PBXFileReference; fileEncoding = 4; lastKnownFileType = sourcecode.c.objc; name = "UINavigationController+Transition.m"; path = "DaiNavigationTransition/UINavigationController+Transition.m"; sourceTree = "<group>"; };
/* End PBXFileReference section */

/* Begin PBXFrameworksBuildPhase section */
		01F584751900CF64008821A1 /* Frameworks */ = {
			isa = PBXFrameworksBuildPhase;
			buildActionMask = 2147483647;
			files = (
				01F5847E1900CF64008821A1 /* CoreGraphics.framework in Frameworks */,
				01F584801900CF64008821A1 /* UIKit.framework in Frameworks */,
				01F5847C1900CF64008821A1 /* Foundation.framework in Frameworks */,
			);
			runOnlyForDeploymentPostprocessing = 0;
		};
		01F584961900CF64008821A1 /* Frameworks */ = {
			isa = PBXFrameworksBuildPhase;
			buildActionMask = 2147483647;
			files = (
				01F5849B1900CF64008821A1 /* XCTest.framework in Frameworks */,
				01F5849D1900CF64008821A1 /* UIKit.framework in Frameworks */,
				01F5849C1900CF64008821A1 /* Foundation.framework in Frameworks */,
			);
			runOnlyForDeploymentPostprocessing = 0;
		};
/* End PBXFrameworksBuildPhase section */

/* Begin PBXGroup section */
		01394ED1192C4AF800CAF2F5 /* DispatchTimer */ = {
			isa = PBXGroup;
			children = (
				01394ED2192C4B5E00CAF2F5 /* DispatchTimer.h */,
				01394ED3192C4B5E00CAF2F5 /* DispatchTimer.m */,
			);
			name = DispatchTimer;
			sourceTree = "<group>";
		};
		01F5846F1900CF64008821A1 = {
			isa = PBXGroup;
			children = (
				01F584811900CF64008821A1 /* DaiNavigationTransition */,
				01F584A01900CF64008821A1 /* DaiNavigationTransitionTests */,
				01F5847A1900CF64008821A1 /* Frameworks */,
				01F584791900CF64008821A1 /* Products */,
			);
			sourceTree = "<group>";
		};
		01F584791900CF64008821A1 /* Products */ = {
			isa = PBXGroup;
			children = (
				01F584781900CF64008821A1 /* DaiNavigationTransition.app */,
				01F584991900CF64008821A1 /* DaiNavigationTransitionTests.xctest */,
			);
			name = Products;
			sourceTree = "<group>";
		};
		01F5847A1900CF64008821A1 /* Frameworks */ = {
			isa = PBXGroup;
			children = (
				01F5847B1900CF64008821A1 /* Foundation.framework */,
				01F5847D1900CF64008821A1 /* CoreGraphics.framework */,
				01F5847F1900CF64008821A1 /* UIKit.framework */,
				01F5849A1900CF64008821A1 /* XCTest.framework */,
			);
			name = Frameworks;
			sourceTree = "<group>";
		};
		01F584811900CF64008821A1 /* DaiNavigationTransition */ = {
			isa = PBXGroup;
			children = (
				01F584BA1900CFC1008821A1 /* DaiNavigationTransition */,
				01F5848A1900CF64008821A1 /* AppDelegate.h */,
				01F5848B1900CF64008821A1 /* AppDelegate.m */,
				01F584B01900CF79008821A1 /* MainViewController.h */,
				01F584B11900CF79008821A1 /* MainViewController.m */,
				01F584B21900CF79008821A1 /* MainViewController.xib */,
				01103D5E1900D40B0054D0A3 /* DefaultTableViewCell.h */,
				01103D5F1900D40B0054D0A3 /* DefaultTableViewCell.m */,
				01103D611900D7AF0054D0A3 /* DefaultTableViewCell.xib */,
				01F584B51900CF89008821A1 /* SecondViewController.h */,
				01F584B61900CF89008821A1 /* SecondViewController.m */,
				01F584B71900CF89008821A1 /* SecondViewController.xib */,
				01F584931900CF64008821A1 /* Images.xcassets */,
				01F584821900CF64008821A1 /* Supporting Files */,
			);
			path = DaiNavigationTransition;
			sourceTree = "<group>";
		};
		01F584821900CF64008821A1 /* Supporting Files */ = {
			isa = PBXGroup;
			children = (
				01F584831900CF64008821A1 /* DaiNavigationTransition-Info.plist */,
				01F584841900CF64008821A1 /* InfoPlist.strings */,
				01F584871900CF64008821A1 /* main.m */,
				01F584891900CF64008821A1 /* DaiNavigationTransition-Prefix.pch */,
			);
			name = "Supporting Files";
			sourceTree = "<group>";
		};
		01F584A01900CF64008821A1 /* DaiNavigationTransitionTests */ = {
			isa = PBXGroup;
			children = (
				01F584A61900CF64008821A1 /* DaiNavigationTransitionTests.m */,
				01F584A11900CF64008821A1 /* Supporting Files */,
			);
			path = DaiNavigationTransitionTests;
			sourceTree = "<group>";
		};
		01F584A11900CF64008821A1 /* Supporting Files */ = {
			isa = PBXGroup;
			children = (
				01F584A21900CF64008821A1 /* DaiNavigationTransitionTests-Info.plist */,
				01F584A31900CF64008821A1 /* InfoPlist.strings */,
			);
			name = "Supporting Files";
			sourceTree = "<group>";
		};
		01F584BA1900CFC1008821A1 /* DaiNavigationTransition */ = {
			isa = PBXGroup;
			children = (
				01394ED1192C4AF800CAF2F5 /* DispatchTimer */,
				01F584BB1900CFCB008821A1 /* DaiNavigationTransition.h */,
				01F584BC1900CFCB008821A1 /* DaiNavigationTransition.m */,
				011C05D8191344B700966440 /* DaiNavigationTransitionObjects.h */,
				011C05D9191344B700966440 /* DaiNavigationTransitionObjects.m */,
				011C05DB1913455C00966440 /* DaiNavigationTransition+TransitionStack.h */,
				011C05DC1913455C00966440 /* DaiNavigationTransition+TransitionStack.m */,
				01F584BD1900CFCB008821A1 /* DaiNavigationTransition+AccessObject.h */,
				01F584BE1900CFCB008821A1 /* DaiNavigationTransition+AccessObject.m */,
				01F584BF1900CFCB008821A1 /* UINavigationController+Swizzling.h */,
				01F584C01900CFCB008821A1 /* UINavigationController+Swizzling.m */,
				01F584C11900CFCB008821A1 /* UINavigationController+Transition.h */,
				01F584C21900CFCB008821A1 /* UINavigationController+Transition.m */,
				0121D212192B4ECC0044F451 /* UINavigationController+ForIOS6.h */,
				0121D213192B4ECC0044F451 /* UINavigationController+ForIOS6.m */,
			);
			name = DaiNavigationTransition;
			sourceTree = "<group>";
		};
/* End PBXGroup section */

/* Begin PBXNativeTarget section */
		01F584771900CF64008821A1 /* DaiNavigationTransition */ = {
			isa = PBXNativeTarget;
			buildConfigurationList = 01F584AA1900CF64008821A1 /* Build configuration list for PBXNativeTarget "DaiNavigationTransition" */;
			buildPhases = (
				01F584741900CF64008821A1 /* Sources */,
				01F584751900CF64008821A1 /* Frameworks */,
				01F584761900CF64008821A1 /* Resources */,
			);
			buildRules = (
			);
			dependencies = (
			);
			name = DaiNavigationTransition;
			productName = DaiNavigationTransition;
			productReference = 01F584781900CF64008821A1 /* DaiNavigationTransition.app */;
			productType = "com.apple.product-type.application";
		};
		01F584981900CF64008821A1 /* DaiNavigationTransitionTests */ = {
			isa = PBXNativeTarget;
			buildConfigurationList = 01F584AD1900CF64008821A1 /* Build configuration list for PBXNativeTarget "DaiNavigationTransitionTests" */;
			buildPhases = (
				01F584951900CF64008821A1 /* Sources */,
				01F584961900CF64008821A1 /* Frameworks */,
				01F584971900CF64008821A1 /* Resources */,
			);
			buildRules = (
			);
			dependencies = (
				01F5849F1900CF64008821A1 /* PBXTargetDependency */,
			);
			name = DaiNavigationTransitionTests;
			productName = DaiNavigationTransitionTests;
			productReference = 01F584991900CF64008821A1 /* DaiNavigationTransitionTests.xctest */;
			productType = "com.apple.product-type.bundle.unit-test";
		};
/* End PBXNativeTarget section */

/* Begin PBXProject section */
		01F584701900CF64008821A1 /* Project object */ = {
			isa = PBXProject;
			attributes = {
				LastUpgradeCheck = 0510;
				ORGANIZATIONNAME = ChilunChen;
				TargetAttributes = {
					01F584981900CF64008821A1 = {
						TestTargetID = 01F584771900CF64008821A1;
					};
				};
			};
			buildConfigurationList = 01F584731900CF64008821A1 /* Build configuration list for PBXProject "DaiNavigationTransition" */;
			compatibilityVersion = "Xcode 3.2";
			developmentRegion = English;
			hasScannedForEncodings = 0;
			knownRegions = (
				en,
				Base,
			);
			mainGroup = 01F5846F1900CF64008821A1;
			productRefGroup = 01F584791900CF64008821A1 /* Products */;
			projectDirPath = "";
			projectRoot = "";
			targets = (
				01F584771900CF64008821A1 /* DaiNavigationTransition */,
				01F584981900CF64008821A1 /* DaiNavigationTransitionTests */,
			);
		};
/* End PBXProject section */

/* Begin PBXResourcesBuildPhase section */
		01F584761900CF64008821A1 /* Resources */ = {
			isa = PBXResourcesBuildPhase;
			buildActionMask = 2147483647;
			files = (
				01F584B91900CF89008821A1 /* SecondViewController.xib in Resources */,
				01F584941900CF64008821A1 /* Images.xcassets in Resources */,
				01F584B41900CF79008821A1 /* MainViewController.xib in Resources */,
				01103D621900D7AF0054D0A3 /* DefaultTableViewCell.xib in Resources */,
				01F584861900CF64008821A1 /* InfoPlist.strings in Resources */,
			);
			runOnlyForDeploymentPostprocessing = 0;
		};
		01F584971900CF64008821A1 /* Resources */ = {
			isa = PBXResourcesBuildPhase;
			buildActionMask = 2147483647;
			files = (
				01F584A51900CF64008821A1 /* InfoPlist.strings in Resources */,
			);
			runOnlyForDeploymentPostprocessing = 0;
		};
/* End PBXResourcesBuildPhase section */

/* Begin PBXSourcesBuildPhase section */
		01F584741900CF64008821A1 /* Sources */ = {
			isa = PBXSourcesBuildPhase;
			buildActionMask = 2147483647;
			files = (
				01F584B81900CF89008821A1 /* SecondViewController.m in Sources */,
				01F584C51900CFCB008821A1 /* UINavigationController+Swizzling.m in Sources */,
				011C05DA191344B700966440 /* DaiNavigationTransitionObjects.m in Sources */,
				01F5848C1900CF64008821A1 /* AppDelegate.m in Sources */,
				0121D214192B4ECC0044F451 /* UINavigationController+ForIOS6.m in Sources */,
				01103D601900D40B0054D0A3 /* DefaultTableViewCell.m in Sources */,
				01F584C41900CFCB008821A1 /* DaiNavigationTransition+AccessObject.m in Sources */,
				01394ED4192C4B5E00CAF2F5 /* DispatchTimer.m in Sources */,
				01F584B31900CF79008821A1 /* MainViewController.m in Sources */,
				01F584C31900CFCB008821A1 /* DaiNavigationTransition.m in Sources */,
				01F584C61900CFCB008821A1 /* UINavigationController+Transition.m in Sources */,
				011C05DD1913455C00966440 /* DaiNavigationTransition+TransitionStack.m in Sources */,
				01F584881900CF64008821A1 /* main.m in Sources */,
			);
			runOnlyForDeploymentPostprocessing = 0;
		};
		01F584951900CF64008821A1 /* Sources */ = {
			isa = PBXSourcesBuildPhase;
			buildActionMask = 2147483647;
			files = (
				01F584A71900CF64008821A1 /* DaiNavigationTransitionTests.m in Sources */,
			);
			runOnlyForDeploymentPostprocessing = 0;
		};
/* End PBXSourcesBuildPhase section */

/* Begin PBXTargetDependency section */
		01F5849F1900CF64008821A1 /* PBXTargetDependency */ = {
			isa = PBXTargetDependency;
			target = 01F584771900CF64008821A1 /* DaiNavigationTransition */;
			targetProxy = 01F5849E1900CF64008821A1 /* PBXContainerItemProxy */;
		};
/* End PBXTargetDependency section */

/* Begin PBXVariantGroup section */
		01F584841900CF64008821A1 /* InfoPlist.strings */ = {
			isa = PBXVariantGroup;
			children = (
				01F584851900CF64008821A1 /* en */,
			);
			name = InfoPlist.strings;
			sourceTree = "<group>";
		};
		01F584A31900CF64008821A1 /* InfoPlist.strings */ = {
			isa = PBXVariantGroup;
			children = (
				01F584A41900CF64008821A1 /* en */,
			);
			name = InfoPlist.strings;
			sourceTree = "<group>";
		};
/* End PBXVariantGroup section */

/* Begin XCBuildConfiguration section */
		01F584A81900CF64008821A1 /* Debug */ = {
			isa = XCBuildConfiguration;
			buildSettings = {
				ALWAYS_SEARCH_USER_PATHS = NO;
				CLANG_CXX_LANGUAGE_STANDARD = "gnu++0x";
				CLANG_CXX_LIBRARY = "libc++";
				CLANG_ENABLE_MODULES = YES;
				CLANG_ENABLE_OBJC_ARC = YES;
				CLANG_WARN_BOOL_CONVERSION = YES;
				CLANG_WARN_CONSTANT_CONVERSION = YES;
				CLANG_WARN_DIRECT_OBJC_ISA_USAGE = YES_ERROR;
				CLANG_WARN_EMPTY_BODY = YES;
				CLANG_WARN_ENUM_CONVERSION = YES;
				CLANG_WARN_INT_CONVERSION = YES;
				CLANG_WARN_OBJC_ROOT_CLASS = YES_ERROR;
				CLANG_WARN__DUPLICATE_METHOD_MATCH = YES;
				"CODE_SIGN_IDENTITY[sdk=iphoneos*]" = "iPhone Developer";
				COPY_PHASE_STRIP = NO;
				GCC_C_LANGUAGE_STANDARD = gnu99;
				GCC_DYNAMIC_NO_PIC = NO;
				GCC_OPTIMIZATION_LEVEL = 0;
				GCC_PREPROCESSOR_DEFINITIONS = (
					"DEBUG=1",
					"$(inherited)",
				);
				GCC_SYMBOLS_PRIVATE_EXTERN = NO;
				GCC_WARN_64_TO_32_BIT_CONVERSION = YES;
				GCC_WARN_ABOUT_RETURN_TYPE = YES_ERROR;
				GCC_WARN_UNDECLARED_SELECTOR = YES;
				GCC_WARN_UNINITIALIZED_AUTOS = YES_AGGRESSIVE;
				GCC_WARN_UNUSED_FUNCTION = YES;
				GCC_WARN_UNUSED_VARIABLE = YES;
				IPHONEOS_DEPLOYMENT_TARGET = 7.1;
				ONLY_ACTIVE_ARCH = YES;
				SDKROOT = iphoneos;
			};
			name = Debug;
		};
		01F584A91900CF64008821A1 /* Release */ = {
			isa = XCBuildConfiguration;
			buildSettings = {
				ALWAYS_SEARCH_USER_PATHS = NO;
				CLANG_CXX_LANGUAGE_STANDARD = "gnu++0x";
				CLANG_CXX_LIBRARY = "libc++";
				CLANG_ENABLE_MODULES = YES;
				CLANG_ENABLE_OBJC_ARC = YES;
				CLANG_WARN_BOOL_CONVERSION = YES;
				CLANG_WARN_CONSTANT_CONVERSION = YES;
				CLANG_WARN_DIRECT_OBJC_ISA_USAGE = YES_ERROR;
				CLANG_WARN_EMPTY_BODY = YES;
				CLANG_WARN_ENUM_CONVERSION = YES;
				CLANG_WARN_INT_CONVERSION = YES;
				CLANG_WARN_OBJC_ROOT_CLASS = YES_ERROR;
				CLANG_WARN__DUPLICATE_METHOD_MATCH = YES;
				"CODE_SIGN_IDENTITY[sdk=iphoneos*]" = "iPhone Developer";
				COPY_PHASE_STRIP = YES;
				ENABLE_NS_ASSERTIONS = NO;
				GCC_C_LANGUAGE_STANDARD = gnu99;
				GCC_WARN_64_TO_32_BIT_CONVERSION = YES;
				GCC_WARN_ABOUT_RETURN_TYPE = YES_ERROR;
				GCC_WARN_UNDECLARED_SELECTOR = YES;
				GCC_WARN_UNINITIALIZED_AUTOS = YES_AGGRESSIVE;
				GCC_WARN_UNUSED_FUNCTION = YES;
				GCC_WARN_UNUSED_VARIABLE = YES;
				IPHONEOS_DEPLOYMENT_TARGET = 7.1;
				SDKROOT = iphoneos;
				VALIDATE_PRODUCT = YES;
			};
			name = Release;
		};
		01F584AB1900CF64008821A1 /* Debug */ = {
			isa = XCBuildConfiguration;
			buildSettings = {
				ASSETCATALOG_COMPILER_APPICON_NAME = AppIcon;
				ASSETCATALOG_COMPILER_LAUNCHIMAGE_NAME = LaunchImage;
				GCC_PRECOMPILE_PREFIX_HEADER = YES;
				GCC_PREFIX_HEADER = "DaiNavigationTransition/DaiNavigationTransition-Prefix.pch";
				INFOPLIST_FILE = "DaiNavigationTransition/DaiNavigationTransition-Info.plist";
				IPHONEOS_DEPLOYMENT_TARGET = 6.0;
				PRODUCT_NAME = "$(TARGET_NAME)";
				WRAPPER_EXTENSION = app;
			};
			name = Debug;
		};
		01F584AC1900CF64008821A1 /* Release */ = {
			isa = XCBuildConfiguration;
			buildSettings = {
				ASSETCATALOG_COMPILER_APPICON_NAME = AppIcon;
				ASSETCATALOG_COMPILER_LAUNCHIMAGE_NAME = LaunchImage;
				GCC_PRECOMPILE_PREFIX_HEADER = YES;
				GCC_PREFIX_HEADER = "DaiNavigationTransition/DaiNavigationTransition-Prefix.pch";
				INFOPLIST_FILE = "DaiNavigationTransition/DaiNavigationTransition-Info.plist";
				IPHONEOS_DEPLOYMENT_TARGET = 6.0;
				PRODUCT_NAME = "$(TARGET_NAME)";
				WRAPPER_EXTENSION = app;
			};
			name = Release;
		};
		01F584AE1900CF64008821A1 /* Debug */ = {
			isa = XCBuildConfiguration;
			buildSettings = {
				BUNDLE_LOADER = "$(BUILT_PRODUCTS_DIR)/DaiNavigationTransition.app/DaiNavigationTransition";
				FRAMEWORK_SEARCH_PATHS = (
					"$(SDKROOT)/Developer/Library/Frameworks",
					"$(inherited)",
					"$(DEVELOPER_FRAMEWORKS_DIR)",
				);
				GCC_PRECOMPILE_PREFIX_HEADER = YES;
				GCC_PREFIX_HEADER = "DaiNavigationTransition/DaiNavigationTransition-Prefix.pch";
				GCC_PREPROCESSOR_DEFINITIONS = (
					"DEBUG=1",
					"$(inherited)",
				);
				INFOPLIST_FILE = "DaiNavigationTransitionTests/DaiNavigationTransitionTests-Info.plist";
				PRODUCT_NAME = "$(TARGET_NAME)";
				TEST_HOST = "$(BUNDLE_LOADER)";
				WRAPPER_EXTENSION = xctest;
			};
			name = Debug;
		};
		01F584AF1900CF64008821A1 /* Release */ = {
			isa = XCBuildConfiguration;
			buildSettings = {
				BUNDLE_LOADER = "$(BUILT_PRODUCTS_DIR)/DaiNavigationTransition.app/DaiNavigationTransition";
				FRAMEWORK_SEARCH_PATHS = (
					"$(SDKROOT)/Developer/Library/Frameworks",
					"$(inherited)",
					"$(DEVELOPER_FRAMEWORKS_DIR)",
				);
				GCC_PRECOMPILE_PREFIX_HEADER = YES;
				GCC_PREFIX_HEADER = "DaiNavigationTransition/DaiNavigationTransition-Prefix.pch";
				INFOPLIST_FILE = "DaiNavigationTransitionTests/DaiNavigationTransitionTests-Info.plist";
				PRODUCT_NAME = "$(TARGET_NAME)";
				TEST_HOST = "$(BUNDLE_LOADER)";
				WRAPPER_EXTENSION = xctest;
			};
			name = Release;
		};
/* End XCBuildConfiguration section */

/* Begin XCConfigurationList section */
		01F584731900CF64008821A1 /* Build configuration list for PBXProject "DaiNavigationTransition" */ = {
			isa = XCConfigurationList;
			buildConfigurations = (
				01F584A81900CF64008821A1 /* Debug */,
				01F584A91900CF64008821A1 /* Release */,
			);
			defaultConfigurationIsVisible = 0;
			defaultConfigurationName = Release;
		};
		01F584AA1900CF64008821A1 /* Build configuration list for PBXNativeTarget "DaiNavigationTransition" */ = {
			isa = XCConfigurationList;
			buildConfigurations = (
				01F584AB1900CF64008821A1 /* Debug */,
				01F584AC1900CF64008821A1 /* Release */,
			);
			defaultConfigurationIsVisible = 0;
			defaultConfigurationName = Release;
		};
		01F584AD1900CF64008821A1 /* Build configuration list for PBXNativeTarget "DaiNavigationTransitionTests" */ = {
			isa = XCConfigurationList;
			buildConfigurations = (
				01F584AE1900CF64008821A1 /* Debug */,
				01F584AF1900CF64008821A1 /* Release */,
			);
			defaultConfigurationIsVisible = 0;
			defaultConfigurationName = Release;
		};
/* End XCConfigurationList section */
	};
	rootObject = 01F584701900CF64008821A1 /* Project object */;
}
